
Microsoft Visual Studio Solution File, Format Version 11.00
# Visual Studio 2010
Project("{FAE04EC0-301F-11D3-BF4B-00C04F79EFBC}") = "Assembly-CSharp", "Assembly-CSharp.csproj", "{C9FEB42D-F0E6-F3F5-797B-21CDD47FA800}"
EndProject
Project("{FAE04EC0-301F-11D3-BF4B-00C04F79EFBC}") = "Crest", "Crest.csproj", "{E6632A70-93BB-D5EC-51FA-45741D8C53E0}"
EndProject
Project("{FAE04EC0-301F-11D3-BF4B-00C04F79EFBC}") = "Assembly-CSharp-firstpass", "Assembly-CSharp-firstpass.csproj", "{94B8A042-C055-3FF3-CCAA-E46B121E8BFE}"
EndProject
Project("{FAE04EC0-301F-11D3-BF4B-00C04F79EFBC}") = "com.rlabrecque.steamworks.net", "com.rlabrecque.steamworks.net.csproj", "{A822416B-C852-D03C-CFC6-57A21A7DBA3B}"
EndProject
Project("{FAE04EC0-301F-11D3-BF4B-00C04F79EFBC}") = "FMODUnityResonance", "FMODUnityResonance.csproj", "{C6676588-118E-AEC5-4773-E8E7B53AF74C}"
EndProject
Project("{FAE04EC0-301F-11D3-BF4B-00C04F79EFBC}") = "FMODUnity", "FMODUnity.csproj", "{715543EA-D12F-A3D8-63AB-AE0DF25B1F04}"
EndProject
Project("{FAE04EC0-301F-11D3-BF4B-00C04F79EFBC}") = "PathCreator", "PathCreator.csproj", "{D3D45946-F0F4-F8B4-F12C-D8BEB3F55DEB}"
EndProject
Project("{FAE04EC0-301F-11D3-BF4B-00C04F79EFBC}") = "Crest.Examples", "Crest.Examples.csproj", "{BCC83E3C-FC50-7705-6CCD-552A89BBA13E}"
EndProject
Project("{FAE04EC0-301F-11D3-BF4B-00C04F79EFBC}") = "Assembly-CSharp-Editor-firstpass", "Assembly-CSharp-Editor-firstpass.csproj", "{29934D08-4808-3390-9B50-50559156100D}"
EndProject
Project("{FAE04EC0-301F-11D3-BF4B-00C04F79EFBC}") = "Assembly-CSharp-Editor", "Assembly-CSharp-Editor.csproj", "{C6976329-B11A-D8AA-71F5-221B8985E424}"
EndProject
Project("{FAE04EC0-301F-11D3-BF4B-00C04F79EFBC}") = "PathCreatorEditor", "PathCreatorEditor.csproj", "{64B29430-AEB0-323D-6ACD-7C722A9C6898}"
EndProject
Project("{FAE04EC0-301F-11D3-BF4B-00C04F79EFBC}") = "FMODUnityEditor", "FMODUnityEditor.csproj", "{F7B822B4-3AE6-2646-B052-3A1DBF80FE50}"
EndProject
Project("{FAE04EC0-301F-11D3-BF4B-00C04F79EFBC}") = "FMODUnityResonanceEditor", "FMODUnityResonanceEditor.csproj", "{13333C0F-5E50-09C8-27BC-C941A28DC83A}"
EndProject
Global
	GlobalSection(SolutionConfigurationPlatforms) = preSolution
		Debug|Any CPU = Debug|Any CPU
		Release|Any CPU = Release|Any CPU
	EndGlobalSection
	GlobalSection(ProjectConfigurationPlatforms) = postSolution
		{C9FEB42D-F0E6-F3F5-797B-21CDD47FA800}.Debug|Any CPU.ActiveCfg = Debug|Any CPU
		{C9FEB42D-F0E6-F3F5-797B-21CDD47FA800}.Debug|Any CPU.Build.0 = Debug|Any CPU
		{C9FEB42D-F0E6-F3F5-797B-21CDD47FA800}.Release|Any CPU.ActiveCfg = Release|Any CPU
		{C9FEB42D-F0E6-F3F5-797B-21CDD47FA800}.Release|Any CPU.Build.0 = Release|Any CPU
		{E6632A70-93BB-D5EC-51FA-45741D8C53E0}.Debug|Any CPU.ActiveCfg = Debug|Any CPU
		{E6632A70-93BB-D5EC-51FA-45741D8C53E0}.Debug|Any CPU.Build.0 = Debug|Any CPU
		{E6632A70-93BB-D5EC-51FA-45741D8C53E0}.Release|Any CPU.ActiveCfg = Release|Any CPU
		{E6632A70-93BB-D5EC-51FA-45741D8C53E0}.Release|Any CPU.Build.0 = Release|Any CPU
		{94B8A042-C055-3FF3-CCAA-E46B121E8BFE}.Debug|Any CPU.ActiveCfg = Debug|Any CPU
		{94B8A042-C055-3FF3-CCAA-E46B121E8BFE}.Debug|Any CPU.Build.0 = Debug|Any CPU
		{94B8A042-C055-3FF3-CCAA-E46B121E8BFE}.Release|Any CPU.ActiveCfg = Release|Any CPU
		{94B8A042-C055-3FF3-CCAA-E46B121E8BFE}.Release|Any CPU.Build.0 = Release|Any CPU
		{A822416B-C852-D03C-CFC6-57A21A7DBA3B}.Debug|Any CPU.ActiveCfg = Debug|Any CPU
		{A822416B-C852-D03C-CFC6-57A21A7DBA3B}.Debug|Any CPU.Build.0 = Debug|Any CPU
		{A822416B-C852-D03C-CFC6-57A21A7DBA3B}.Release|Any CPU.ActiveCfg = Release|Any CPU
		{A822416B-C852-D03C-CFC6-57A21A7DBA3B}.Release|Any CPU.Build.0 = Release|Any CPU
		{C6676588-118E-AEC5-4773-E8E7B53AF74C}.Debug|Any CPU.ActiveCfg = Debug|Any CPU
		{C6676588-118E-AEC5-4773-E8E7B53AF74C}.Debug|Any CPU.Build.0 = Debug|Any CPU
		{C6676588-118E-AEC5-4773-E8E7B53AF74C}.Release|Any CPU.ActiveCfg = Release|Any CPU
		{C6676588-118E-AEC5-4773-E8E7B53AF74C}.Release|Any CPU.Build.0 = Release|Any CPU
		{715543EA-D12F-A3D8-63AB-AE0DF25B1F04}.Debug|Any CPU.ActiveCfg = Debug|Any CPU
		{715543EA-D12F-A3D8-63AB-AE0DF25B1F04}.Debug|Any CPU.Build.0 = Debug|Any CPU
		{715543EA-D12F-A3D8-63AB-AE0DF25B1F04}.Release|Any CPU.ActiveCfg = Release|Any CPU
		{715543EA-D12F-A3D8-63AB-AE0DF25B1F04}.Release|Any CPU.Build.0 = Release|Any CPU
		{D3D45946-F0F4-F8B4-F12C-D8BEB3F55DEB}.Debug|Any CPU.ActiveCfg = Debug|Any CPU
		{D3D45946-F0F4-F8B4-F12C-D8BEB3F55DEB}.Debug|Any CPU.Build.0 = Debug|Any CPU
		{D3D45946-F0F4-F8B4-F12C-D8BEB3F55DEB}.Release|Any CPU.ActiveCfg = Release|Any CPU
		{D3D45946-F0F4-F8B4-F12C-D8BEB3F55DEB}.Release|Any CPU.Build.0 = Release|Any CPU
		{BCC83E3C-FC50-7705-6CCD-552A89BBA13E}.Debug|Any CPU.ActiveCfg = Debug|Any CPU
		{BCC83E3C-FC50-7705-6CCD-552A89BBA13E}.Debug|Any CPU.Build.0 = Debug|Any CPU
		{BCC83E3C-FC50-7705-6CCD-552A89BBA13E}.Release|Any CPU.ActiveCfg = Release|Any CPU
		{BCC83E3C-FC50-7705-6CCD-552A89BBA13E}.Release|Any CPU.Build.0 = Release|Any CPU
		{29934D08-4808-3390-9B50-50559156100D}.Debug|Any CPU.ActiveCfg = Debug|Any CPU
		{29934D08-4808-3390-9B50-50559156100D}.Debug|Any CPU.Build.0 = Debug|Any CPU
		{29934D08-4808-3390-9B50-50559156100D}.Release|Any CPU.ActiveCfg = Release|Any CPU
		{29934D08-4808-3390-9B50-50559156100D}.Release|Any CPU.Build.0 = Release|Any CPU
		{C6976329-B11A-D8AA-71F5-221B8985E424}.Debug|Any CPU.ActiveCfg = Debug|Any CPU
		{C6976329-B11A-D8AA-71F5-221B8985E424}.Debug|Any CPU.Build.0 = Debug|Any CPU
		{C6976329-B11A-D8AA-71F5-221B8985E424}.Release|Any CPU.ActiveCfg = Release|Any CPU
		{C6976329-B11A-D8AA-71F5-221B8985E424}.Release|Any CPU.Build.0 = Release|Any CPU
		{64B29430-AEB0-323D-6ACD-7C722A9C6898}.Debug|Any CPU.ActiveCfg = Debug|Any CPU
		{64B29430-AEB0-323D-6ACD-7C722A9C6898}.Debug|Any CPU.Build.0 = Debug|Any CPU
		{64B29430-AEB0-323D-6ACD-7C722A9C6898}.Release|Any CPU.ActiveCfg = Release|Any CPU
		{64B29430-AEB0-323D-6ACD-7C722A9C6898}.Release|Any CPU.Build.0 = Release|Any CPU
		{F7B822B4-3AE6-2646-B052-3A1DBF80FE50}.Debug|Any CPU.ActiveCfg = Debug|Any CPU
		{F7B822B4-3AE6-2646-B052-3A1DBF80FE50}.Debug|Any CPU.Build.0 = Debug|Any CPU
		{F7B822B4-3AE6-2646-B052-3A1DBF80FE50}.Release|Any CPU.ActiveCfg = Release|Any CPU
		{F7B822B4-3AE6-2646-B052-3A1DBF80FE50}.Release|Any CPU.Build.0 = Release|Any CPU
		{13333C0F-5E50-09C8-27BC-C941A28DC83A}.Debug|Any CPU.ActiveCfg = Debug|Any CPU
		{13333C0F-5E50-09C8-27BC-C941A28DC83A}.Debug|Any CPU.Build.0 = Debug|Any CPU
		{13333C0F-5E50-09C8-27BC-C941A28DC83A}.Release|Any CPU.ActiveCfg = Release|Any CPU
		{13333C0F-5E50-09C8-27BC-C941A28DC83A}.Release|Any CPU.Build.0 = Release|Any CPU
	EndGlobalSection
	GlobalSection(SolutionProperties) = preSolution
		HideSolutionNode = FALSE
	EndGlobalSection
EndGlobal
