
Microsoft Visual Studio Solution File, Format Version 12.00
# Visual Studio 15
Project("{FAE04EC0-301F-11D3-BF4B-00C04F79EFBC}") = "Assembly-CSharp", "Assembly-CSharp.csproj", "{EEC207AB-FDA6-E536-0A52-2911BF628EF4}"
EndProject
Project("{FAE04EC0-301F-11D3-BF4B-00C04F79EFBC}") = "Crest", "Crest.csproj", "{DFFB02EA-E5D2-21F9-0012-CD0642C1E378}"
EndProject
Project("{FAE04EC0-301F-11D3-BF4B-00C04F79EFBC}") = "Assembly-CSharp-firstpass", "Assembly-CSharp-firstpass.csproj", "{67D530C8-6794-BBD3-DCE5-2B0A2D59C18C}"
EndProject
Project("{FAE04EC0-301F-11D3-BF4B-00C04F79EFBC}") = "com.rlabrecque.steamworks.net", "com.rlabrecque.steamworks.net.csproj", "{92E9EE4E-0B08-9A71-DE23-FA9C7A18FF83}"
EndProject
Project("{FAE04EC0-301F-11D3-BF4B-00C04F79EFBC}") = "FMODUnityResonance", "FMODUnityResonance.csproj", "{51265B51-1C4E-EE2E-1399-9CB87EF6DDE2}"
EndProject
Project("{FAE04EC0-301F-11D3-BF4B-00C04F79EFBC}") = "FMODUnity", "FMODUnity.csproj", "{AD11C733-6A0A-D0D8-E974-6ECC66FB46CC}"
EndProject
Project("{FAE04EC0-301F-11D3-BF4B-00C04F79EFBC}") = "PathCreator", "PathCreator.csproj", "{39FD3F33-CE47-5F21-8AB3-FD1498DAE798}"
EndProject
Project("{FAE04EC0-301F-11D3-BF4B-00C04F79EFBC}") = "Crest.Examples", "Crest.Examples.csproj", "{B176E38C-DBAB-ACB2-9DDB-6D35D1E56ABA}"
EndProject
Project("{FAE04EC0-301F-11D3-BF4B-00C04F79EFBC}") = "Assembly-CSharp-Editor-firstpass", "Assembly-CSharp-Editor-firstpass.csproj", "{DAB1270B-6415-5E91-5FA0-175361C4FDC5}"
EndProject
Project("{FAE04EC0-301F-11D3-BF4B-00C04F79EFBC}") = "Assembly-CSharp-Editor", "Assembly-CSharp-Editor.csproj", "{28475738-EA58-63A7-D966-8B541A7DC546}"
EndProject
Project("{FAE04EC0-301F-11D3-BF4B-00C04F79EFBC}") = "PathCreatorEditor", "PathCreatorEditor.csproj", "{7926B62F-5C20-57EA-35EE-ADEAFEA63FE0}"
EndProject
Project("{FAE04EC0-301F-11D3-BF4B-00C04F79EFBC}") = "FMODUnityEditor", "FMODUnityEditor.csproj", "{E952B55E-13C1-F2C6-FB6B-CFC035AAF60E}"
EndProject
Project("{FAE04EC0-301F-11D3-BF4B-00C04F79EFBC}") = "FMODUnityResonanceEditor", "FMODUnityResonanceEditor.csproj", "{803150B0-BF1B-739C-38D9-AE625C91DE84}"
EndProject
Global
	GlobalSection(SolutionConfigurationPlatforms) = preSolution
		Debug|Any CPU = Debug|Any CPU
		Release|Any CPU = Release|Any CPU
	EndGlobalSection
	GlobalSection(ProjectConfigurationPlatforms) = postSolution
		{EEC207AB-FDA6-E536-0A52-2911BF628EF4}.Debug|Any CPU.ActiveCfg = Debug|Any CPU
		{EEC207AB-FDA6-E536-0A52-2911BF628EF4}.Debug|Any CPU.Build.0 = Debug|Any CPU
		{EEC207AB-FDA6-E536-0A52-2911BF628EF4}.Release|Any CPU.ActiveCfg = Release|Any CPU
		{EEC207AB-FDA6-E536-0A52-2911BF628EF4}.Release|Any CPU.Build.0 = Release|Any CPU
		{DFFB02EA-E5D2-21F9-0012-CD0642C1E378}.Debug|Any CPU.ActiveCfg = Debug|Any CPU
		{DFFB02EA-E5D2-21F9-0012-CD0642C1E378}.Debug|Any CPU.Build.0 = Debug|Any CPU
		{DFFB02EA-E5D2-21F9-0012-CD0642C1E378}.Release|Any CPU.ActiveCfg = Release|Any CPU
		{DFFB02EA-E5D2-21F9-0012-CD0642C1E378}.Release|Any CPU.Build.0 = Release|Any CPU
		{67D530C8-6794-BBD3-DCE5-2B0A2D59C18C}.Debug|Any CPU.ActiveCfg = Debug|Any CPU
		{67D530C8-6794-BBD3-DCE5-2B0A2D59C18C}.Debug|Any CPU.Build.0 = Debug|Any CPU
		{67D530C8-6794-BBD3-DCE5-2B0A2D59C18C}.Release|Any CPU.ActiveCfg = Release|Any CPU
		{67D530C8-6794-BBD3-DCE5-2B0A2D59C18C}.Release|Any CPU.Build.0 = Release|Any CPU
		{92E9EE4E-0B08-9A71-DE23-FA9C7A18FF83}.Debug|Any CPU.ActiveCfg = Debug|Any CPU
		{92E9EE4E-0B08-9A71-DE23-FA9C7A18FF83}.Debug|Any CPU.Build.0 = Debug|Any CPU
		{92E9EE4E-0B08-9A71-DE23-FA9C7A18FF83}.Release|Any CPU.ActiveCfg = Release|Any CPU
		{92E9EE4E-0B08-9A71-DE23-FA9C7A18FF83}.Release|Any CPU.Build.0 = Release|Any CPU
		{51265B51-1C4E-EE2E-1399-9CB87EF6DDE2}.Debug|Any CPU.ActiveCfg = Debug|Any CPU
		{51265B51-1C4E-EE2E-1399-9CB87EF6DDE2}.Debug|Any CPU.Build.0 = Debug|Any CPU
		{51265B51-1C4E-EE2E-1399-9CB87EF6DDE2}.Release|Any CPU.ActiveCfg = Release|Any CPU
		{51265B51-1C4E-EE2E-1399-9CB87EF6DDE2}.Release|Any CPU.Build.0 = Release|Any CPU
		{AD11C733-6A0A-D0D8-E974-6ECC66FB46CC}.Debug|Any CPU.ActiveCfg = Debug|Any CPU
		{AD11C733-6A0A-D0D8-E974-6ECC66FB46CC}.Debug|Any CPU.Build.0 = Debug|Any CPU
		{AD11C733-6A0A-D0D8-E974-6ECC66FB46CC}.Release|Any CPU.ActiveCfg = Release|Any CPU
		{AD11C733-6A0A-D0D8-E974-6ECC66FB46CC}.Release|Any CPU.Build.0 = Release|Any CPU
		{39FD3F33-CE47-5F21-8AB3-FD1498DAE798}.Debug|Any CPU.ActiveCfg = Debug|Any CPU
		{39FD3F33-CE47-5F21-8AB3-FD1498DAE798}.Debug|Any CPU.Build.0 = Debug|Any CPU
		{39FD3F33-CE47-5F21-8AB3-FD1498DAE798}.Release|Any CPU.ActiveCfg = Release|Any CPU
		{39FD3F33-CE47-5F21-8AB3-FD1498DAE798}.Release|Any CPU.Build.0 = Release|Any CPU
		{B176E38C-DBAB-ACB2-9DDB-6D35D1E56ABA}.Debug|Any CPU.ActiveCfg = Debug|Any CPU
		{B176E38C-DBAB-ACB2-9DDB-6D35D1E56ABA}.Debug|Any CPU.Build.0 = Debug|Any CPU
		{B176E38C-DBAB-ACB2-9DDB-6D35D1E56ABA}.Release|Any CPU.ActiveCfg = Release|Any CPU
		{B176E38C-DBAB-ACB2-9DDB-6D35D1E56ABA}.Release|Any CPU.Build.0 = Release|Any CPU
		{DAB1270B-6415-5E91-5FA0-175361C4FDC5}.Debug|Any CPU.ActiveCfg = Debug|Any CPU
		{DAB1270B-6415-5E91-5FA0-175361C4FDC5}.Debug|Any CPU.Build.0 = Debug|Any CPU
		{DAB1270B-6415-5E91-5FA0-175361C4FDC5}.Release|Any CPU.ActiveCfg = Release|Any CPU
		{DAB1270B-6415-5E91-5FA0-175361C4FDC5}.Release|Any CPU.Build.0 = Release|Any CPU
		{28475738-EA58-63A7-D966-8B541A7DC546}.Debug|Any CPU.ActiveCfg = Debug|Any CPU
		{28475738-EA58-63A7-D966-8B541A7DC546}.Debug|Any CPU.Build.0 = Debug|Any CPU
		{28475738-EA58-63A7-D966-8B541A7DC546}.Release|Any CPU.ActiveCfg = Release|Any CPU
		{28475738-EA58-63A7-D966-8B541A7DC546}.Release|Any CPU.Build.0 = Release|Any CPU
		{7926B62F-5C20-57EA-35EE-ADEAFEA63FE0}.Debug|Any CPU.ActiveCfg = Debug|Any CPU
		{7926B62F-5C20-57EA-35EE-ADEAFEA63FE0}.Debug|Any CPU.Build.0 = Debug|Any CPU
		{7926B62F-5C20-57EA-35EE-ADEAFEA63FE0}.Release|Any CPU.ActiveCfg = Release|Any CPU
		{7926B62F-5C20-57EA-35EE-ADEAFEA63FE0}.Release|Any CPU.Build.0 = Release|Any CPU
		{E952B55E-13C1-F2C6-FB6B-CFC035AAF60E}.Debug|Any CPU.ActiveCfg = Debug|Any CPU
		{E952B55E-13C1-F2C6-FB6B-CFC035AAF60E}.Debug|Any CPU.Build.0 = Debug|Any CPU
		{E952B55E-13C1-F2C6-FB6B-CFC035AAF60E}.Release|Any CPU.ActiveCfg = Release|Any CPU
		{E952B55E-13C1-F2C6-FB6B-CFC035AAF60E}.Release|Any CPU.Build.0 = Release|Any CPU
		{803150B0-BF1B-739C-38D9-AE625C91DE84}.Debug|Any CPU.ActiveCfg = Debug|Any CPU
		{803150B0-BF1B-739C-38D9-AE625C91DE84}.Debug|Any CPU.Build.0 = Debug|Any CPU
		{803150B0-BF1B-739C-38D9-AE625C91DE84}.Release|Any CPU.ActiveCfg = Release|Any CPU
		{803150B0-BF1B-739C-38D9-AE625C91DE84}.Release|Any CPU.Build.0 = Release|Any CPU
	EndGlobalSection
	GlobalSection(SolutionProperties) = preSolution
		HideSolutionNode = FALSE
	EndGlobalSection
EndGlobal
